// !$*UTF8*$!
{
	archiveVersion = 1;
	classes = {
	};
	objectVersion = 50;
	objects = {

/* Begin PBXBuildFile section */
		554875B8FC80482ED5E4EB47 /* Pods_weatheryTests.framework in Frameworks */ = {isa = PBXBuildFile; fileRef = 486124D98D34F4FA09AA2EEE /* Pods_weatheryTests.framework */; };
		84729DD121B88B030090ADF9 /* NetworkManager.swift in Sources */ = {isa = PBXBuildFile; fileRef = 84729DD021B88B030090ADF9 /* NetworkManager.swift */; };
		84729DD321B88BE20090ADF9 /* PromiseManager.swift in Sources */ = {isa = PBXBuildFile; fileRef = 84729DD221B88BE20090ADF9 /* PromiseManager.swift */; };
		84729DD621B8C96C0090ADF9 /* NetworkRequestParametersFactory.swift in Sources */ = {isa = PBXBuildFile; fileRef = 84729DD521B8C96C0090ADF9 /* NetworkRequestParametersFactory.swift */; };
		84729DD821B8CB1B0090ADF9 /* Bundle+Keys.swift in Sources */ = {isa = PBXBuildFile; fileRef = 84729DD721B8CB1B0090ADF9 /* Bundle+Keys.swift */; };
		84729DDB21B8D15C0090ADF9 /* WeatherModel.swift in Sources */ = {isa = PBXBuildFile; fileRef = 84729DDA21B8D15C0090ADF9 /* WeatherModel.swift */; };
		84729DDD21B933040090ADF9 /* WeatherPromiseManager.swift in Sources */ = {isa = PBXBuildFile; fileRef = 84729DDC21B933040090ADF9 /* WeatherPromiseManager.swift */; };
		84C9CFD921B6D9CB004B0F0D /* AppDelegate.swift in Sources */ = {isa = PBXBuildFile; fileRef = 84C9CFD821B6D9CB004B0F0D /* AppDelegate.swift */; };
		84C9CFDB21B6D9CB004B0F0D /* ViewController.swift in Sources */ = {isa = PBXBuildFile; fileRef = 84C9CFDA21B6D9CB004B0F0D /* ViewController.swift */; };
		84C9CFDE21B6D9CB004B0F0D /* Main.storyboard in Resources */ = {isa = PBXBuildFile; fileRef = 84C9CFDC21B6D9CB004B0F0D /* Main.storyboard */; };
		84C9CFE021B6D9CD004B0F0D /* Assets.xcassets in Resources */ = {isa = PBXBuildFile; fileRef = 84C9CFDF21B6D9CD004B0F0D /* Assets.xcassets */; };
		84C9CFE321B6D9CD004B0F0D /* LaunchScreen.storyboard in Resources */ = {isa = PBXBuildFile; fileRef = 84C9CFE121B6D9CD004B0F0D /* LaunchScreen.storyboard */; };
		84C9CFEE21B6D9CD004B0F0D /* weatheryTests.swift in Sources */ = {isa = PBXBuildFile; fileRef = 84C9CFED21B6D9CD004B0F0D /* weatheryTests.swift */; };
		84C9CFFA21B85628004B0F0D /* Window+Router.swift in Sources */ = {isa = PBXBuildFile; fileRef = 84C9CFF921B85628004B0F0D /* Window+Router.swift */; };
		84C9CFFC21B85C3D004B0F0D /* main.swift in Sources */ = {isa = PBXBuildFile; fileRef = 84C9CFFB21B85C3D004B0F0D /* main.swift */; };
		90873A0C41ADDFE882488E5C /* Pods_weathery.framework in Frameworks */ = {isa = PBXBuildFile; fileRef = 5DBCD3F183523A76A8DD723E /* Pods_weathery.framework */; };
/* End PBXBuildFile section */

/* Begin PBXContainerItemProxy section */
		84C9CFEA21B6D9CD004B0F0D /* PBXContainerItemProxy */ = {
			isa = PBXContainerItemProxy;
			containerPortal = 84C9CFCD21B6D9CB004B0F0D /* Project object */;
			proxyType = 1;
			remoteGlobalIDString = 84C9CFD421B6D9CB004B0F0D;
			remoteInfo = weathery;
		};
/* End PBXContainerItemProxy section */

/* Begin PBXFileReference section */
		25F29EC784E256D352EF04F8 /* Pods-weatheryTests.debug.xcconfig */ = {isa = PBXFileReference; includeInIndex = 1; lastKnownFileType = text.xcconfig; name = "Pods-weatheryTests.debug.xcconfig"; path = "Pods/Target Support Files/Pods-weatheryTests/Pods-weatheryTests.debug.xcconfig"; sourceTree = "<group>"; };
		486124D98D34F4FA09AA2EEE /* Pods_weatheryTests.framework */ = {isa = PBXFileReference; explicitFileType = wrapper.framework; includeInIndex = 0; path = Pods_weatheryTests.framework; sourceTree = BUILT_PRODUCTS_DIR; };
		5DBCD3F183523A76A8DD723E /* Pods_weathery.framework */ = {isa = PBXFileReference; explicitFileType = wrapper.framework; includeInIndex = 0; path = Pods_weathery.framework; sourceTree = BUILT_PRODUCTS_DIR; };
		84729DD021B88B030090ADF9 /* NetworkManager.swift */ = {isa = PBXFileReference; lastKnownFileType = sourcecode.swift; path = NetworkManager.swift; sourceTree = "<group>"; };
		84729DD221B88BE20090ADF9 /* PromiseManager.swift */ = {isa = PBXFileReference; lastKnownFileType = sourcecode.swift; path = PromiseManager.swift; sourceTree = "<group>"; };
		84729DD521B8C96C0090ADF9 /* NetworkRequestParametersFactory.swift */ = {isa = PBXFileReference; lastKnownFileType = sourcecode.swift; path = NetworkRequestParametersFactory.swift; sourceTree = "<group>"; };
		84729DD721B8CB1B0090ADF9 /* Bundle+Keys.swift */ = {isa = PBXFileReference; lastKnownFileType = sourcecode.swift; path = "Bundle+Keys.swift"; sourceTree = "<group>"; };
		84729DDA21B8D15C0090ADF9 /* WeatherModel.swift */ = {isa = PBXFileReference; lastKnownFileType = sourcecode.swift; path = WeatherModel.swift; sourceTree = "<group>"; };
		84729DDC21B933040090ADF9 /* WeatherPromiseManager.swift */ = {isa = PBXFileReference; lastKnownFileType = sourcecode.swift; path = WeatherPromiseManager.swift; sourceTree = "<group>"; };
		84C9CFD521B6D9CB004B0F0D /* weathery.app */ = {isa = PBXFileReference; explicitFileType = wrapper.application; includeInIndex = 0; path = weathery.app; sourceTree = BUILT_PRODUCTS_DIR; };
		84C9CFD821B6D9CB004B0F0D /* AppDelegate.swift */ = {isa = PBXFileReference; lastKnownFileType = sourcecode.swift; path = AppDelegate.swift; sourceTree = "<group>"; };
		84C9CFDA21B6D9CB004B0F0D /* ViewController.swift */ = {isa = PBXFileReference; lastKnownFileType = sourcecode.swift; path = ViewController.swift; sourceTree = "<group>"; };
		84C9CFDD21B6D9CB004B0F0D /* Base */ = {isa = PBXFileReference; lastKnownFileType = file.storyboard; name = Base; path = Base.lproj/Main.storyboard; sourceTree = "<group>"; };
		84C9CFDF21B6D9CD004B0F0D /* Assets.xcassets */ = {isa = PBXFileReference; lastKnownFileType = folder.assetcatalog; path = Assets.xcassets; sourceTree = "<group>"; };
		84C9CFE221B6D9CD004B0F0D /* Base */ = {isa = PBXFileReference; lastKnownFileType = file.storyboard; name = Base; path = Base.lproj/LaunchScreen.storyboard; sourceTree = "<group>"; };
		84C9CFE421B6D9CD004B0F0D /* Info.plist */ = {isa = PBXFileReference; lastKnownFileType = text.plist.xml; path = Info.plist; sourceTree = "<group>"; };
		84C9CFE921B6D9CD004B0F0D /* weatheryTests.xctest */ = {isa = PBXFileReference; explicitFileType = wrapper.cfbundle; includeInIndex = 0; path = weatheryTests.xctest; sourceTree = BUILT_PRODUCTS_DIR; };
		84C9CFED21B6D9CD004B0F0D /* weatheryTests.swift */ = {isa = PBXFileReference; lastKnownFileType = sourcecode.swift; path = weatheryTests.swift; sourceTree = "<group>"; };
		84C9CFEF21B6D9CD004B0F0D /* Info.plist */ = {isa = PBXFileReference; lastKnownFileType = text.plist.xml; path = Info.plist; sourceTree = "<group>"; };
		84C9CFF921B85628004B0F0D /* Window+Router.swift */ = {isa = PBXFileReference; lastKnownFileType = sourcecode.swift; path = "Window+Router.swift"; sourceTree = "<group>"; };
		84C9CFFB21B85C3D004B0F0D /* main.swift */ = {isa = PBXFileReference; lastKnownFileType = sourcecode.swift; path = main.swift; sourceTree = "<group>"; };
		8FDB9E7FD3C4F79B6356F891 /* Pods-weathery.debug.xcconfig */ = {isa = PBXFileReference; includeInIndex = 1; lastKnownFileType = text.xcconfig; name = "Pods-weathery.debug.xcconfig"; path = "Pods/Target Support Files/Pods-weathery/Pods-weathery.debug.xcconfig"; sourceTree = "<group>"; };
		A624D949CC05CB1AE537B88F /* Pods-weathery.release.xcconfig */ = {isa = PBXFileReference; includeInIndex = 1; lastKnownFileType = text.xcconfig; name = "Pods-weathery.release.xcconfig"; path = "Pods/Target Support Files/Pods-weathery/Pods-weathery.release.xcconfig"; sourceTree = "<group>"; };
		F7C4862EB1FB24039D0C3FEC /* Pods-weatheryTests.release.xcconfig */ = {isa = PBXFileReference; includeInIndex = 1; lastKnownFileType = text.xcconfig; name = "Pods-weatheryTests.release.xcconfig"; path = "Pods/Target Support Files/Pods-weatheryTests/Pods-weatheryTests.release.xcconfig"; sourceTree = "<group>"; };
/* End PBXFileReference section */

/* Begin PBXFrameworksBuildPhase section */
		84C9CFD221B6D9CB004B0F0D /* Frameworks */ = {
			isa = PBXFrameworksBuildPhase;
			buildActionMask = 2147483647;
			files = (
				90873A0C41ADDFE882488E5C /* Pods_weathery.framework in Frameworks */,
			);
			runOnlyForDeploymentPostprocessing = 0;
		};
		84C9CFE621B6D9CD004B0F0D /* Frameworks */ = {
			isa = PBXFrameworksBuildPhase;
			buildActionMask = 2147483647;
			files = (
				554875B8FC80482ED5E4EB47 /* Pods_weatheryTests.framework in Frameworks */,
			);
			runOnlyForDeploymentPostprocessing = 0;
		};
/* End PBXFrameworksBuildPhase section */

/* Begin PBXGroup section */
		6930929A098737941CE0ED2C /* Pods */ = {
			isa = PBXGroup;
			children = (
				8FDB9E7FD3C4F79B6356F891 /* Pods-weathery.debug.xcconfig */,
				A624D949CC05CB1AE537B88F /* Pods-weathery.release.xcconfig */,
				25F29EC784E256D352EF04F8 /* Pods-weatheryTests.debug.xcconfig */,
				F7C4862EB1FB24039D0C3FEC /* Pods-weatheryTests.release.xcconfig */,
			);
			name = Pods;
			sourceTree = "<group>";
		};
		84729DCF21B88AE80090ADF9 /* NetworkManager */ = {
			isa = PBXGroup;
			children = (
				84729DD021B88B030090ADF9 /* NetworkManager.swift */,
				84729DD221B88BE20090ADF9 /* PromiseManager.swift */,
				84729DDC21B933040090ADF9 /* WeatherPromiseManager.swift */,
			);
			path = NetworkManager;
			sourceTree = "<group>";
		};
		84729DD421B8C94E0090ADF9 /* Factory */ = {
			isa = PBXGroup;
			children = (
				84729DD521B8C96C0090ADF9 /* NetworkRequestParametersFactory.swift */,
			);
			path = Factory;
			sourceTree = "<group>";
		};
		84729DD921B8D14A0090ADF9 /* Model */ = {
			isa = PBXGroup;
			children = (
				84729DDA21B8D15C0090ADF9 /* WeatherModel.swift */,
			);
			path = Model;
			sourceTree = "<group>";
		};
		84C9CFCC21B6D9CB004B0F0D = {
			isa = PBXGroup;
			children = (
				84C9CFD721B6D9CB004B0F0D /* weathery */,
				84C9CFEC21B6D9CD004B0F0D /* weatheryTests */,
				84C9CFD621B6D9CB004B0F0D /* Products */,
				6930929A098737941CE0ED2C /* Pods */,
				CE96DB5BFCC088970B7BCB0F /* Frameworks */,
			);
			sourceTree = "<group>";
		};
		84C9CFD621B6D9CB004B0F0D /* Products */ = {
			isa = PBXGroup;
			children = (
				84C9CFD521B6D9CB004B0F0D /* weathery.app */,
				84C9CFE921B6D9CD004B0F0D /* weatheryTests.xctest */,
			);
			name = Products;
			sourceTree = "<group>";
		};
		84C9CFD721B6D9CB004B0F0D /* weathery */ = {
			isa = PBXGroup;
			children = (
				84729DD921B8D14A0090ADF9 /* Model */,
				84729DD421B8C94E0090ADF9 /* Factory */,
				84729DCF21B88AE80090ADF9 /* NetworkManager */,
				84C9CFFD21B85EF4004B0F0D /* Scenes */,
				84C9CFF821B855E7004B0F0D /* Tools */,
				84C9CFD821B6D9CB004B0F0D /* AppDelegate.swift */,
				84C9CFDF21B6D9CD004B0F0D /* Assets.xcassets */,
				84C9CFE121B6D9CD004B0F0D /* LaunchScreen.storyboard */,
				84C9CFE421B6D9CD004B0F0D /* Info.plist */,
				84C9CFFB21B85C3D004B0F0D /* main.swift */,
			);
			path = weathery;
			sourceTree = "<group>";
		};
		84C9CFEC21B6D9CD004B0F0D /* weatheryTests */ = {
			isa = PBXGroup;
			children = (
				84C9CFED21B6D9CD004B0F0D /* weatheryTests.swift */,
				84C9CFEF21B6D9CD004B0F0D /* Info.plist */,
			);
			path = weatheryTests;
			sourceTree = "<group>";
		};
		84C9CFF821B855E7004B0F0D /* Tools */ = {
			isa = PBXGroup;
			children = (
				84C9CFF921B85628004B0F0D /* Window+Router.swift */,
				84729DD721B8CB1B0090ADF9 /* Bundle+Keys.swift */,
			);
			path = Tools;
			sourceTree = "<group>";
		};
		84C9CFFD21B85EF4004B0F0D /* Scenes */ = {
			isa = PBXGroup;
			children = (
				84C9CFFE21B85EFC004B0F0D /* Main */,
			);
			path = Scenes;
			sourceTree = "<group>";
		};
		84C9CFFE21B85EFC004B0F0D /* Main */ = {
			isa = PBXGroup;
			children = (
				84C9CFDA21B6D9CB004B0F0D /* ViewController.swift */,
				84C9CFDC21B6D9CB004B0F0D /* Main.storyboard */,
			);
			path = Main;
			sourceTree = "<group>";
		};
		CE96DB5BFCC088970B7BCB0F /* Frameworks */ = {
			isa = PBXGroup;
			children = (
				5DBCD3F183523A76A8DD723E /* Pods_weathery.framework */,
				486124D98D34F4FA09AA2EEE /* Pods_weatheryTests.framework */,
			);
			name = Frameworks;
			sourceTree = "<group>";
		};
/* End PBXGroup section */

/* Begin PBXNativeTarget section */
		84C9CFD421B6D9CB004B0F0D /* weathery */ = {
			isa = PBXNativeTarget;
			buildConfigurationList = 84C9CFF221B6D9CD004B0F0D /* Build configuration list for PBXNativeTarget "weathery" */;
			buildPhases = (
				E10C0154925BBEB682A40BA6 /* [CP] Check Pods Manifest.lock */,
				84C9CFD121B6D9CB004B0F0D /* Sources */,
				84C9CFD221B6D9CB004B0F0D /* Frameworks */,
				84C9CFD321B6D9CB004B0F0D /* Resources */,
				0116C96DA1E3B8CBF15E8536 /* [CP] Embed Pods Frameworks */,
			);
			buildRules = (
			);
			dependencies = (
			);
			name = weathery;
			productName = weathery;
			productReference = 84C9CFD521B6D9CB004B0F0D /* weathery.app */;
			productType = "com.apple.product-type.application";
		};
		84C9CFE821B6D9CD004B0F0D /* weatheryTests */ = {
			isa = PBXNativeTarget;
			buildConfigurationList = 84C9CFF521B6D9CD004B0F0D /* Build configuration list for PBXNativeTarget "weatheryTests" */;
			buildPhases = (
				84FCD6F235203ED9655C31C8 /* [CP] Check Pods Manifest.lock */,
				84C9CFE521B6D9CD004B0F0D /* Sources */,
				84C9CFE621B6D9CD004B0F0D /* Frameworks */,
				84C9CFE721B6D9CD004B0F0D /* Resources */,
			);
			buildRules = (
			);
			dependencies = (
				84C9CFEB21B6D9CD004B0F0D /* PBXTargetDependency */,
			);
			name = weatheryTests;
			productName = weatheryTests;
			productReference = 84C9CFE921B6D9CD004B0F0D /* weatheryTests.xctest */;
			productType = "com.apple.product-type.bundle.unit-test";
		};
/* End PBXNativeTarget section */

/* Begin PBXProject section */
		84C9CFCD21B6D9CB004B0F0D /* Project object */ = {
			isa = PBXProject;
			attributes = {
				LastSwiftUpdateCheck = 1010;
				LastUpgradeCheck = 1010;
				ORGANIZATIONNAME = bruze;
				TargetAttributes = {
					84C9CFD421B6D9CB004B0F0D = {
						CreatedOnToolsVersion = 10.1;
					};
					84C9CFE821B6D9CD004B0F0D = {
						CreatedOnToolsVersion = 10.1;
						TestTargetID = 84C9CFD421B6D9CB004B0F0D;
					};
				};
			};
			buildConfigurationList = 84C9CFD021B6D9CB004B0F0D /* Build configuration list for PBXProject "weathery" */;
			compatibilityVersion = "Xcode 9.3";
			developmentRegion = en;
			hasScannedForEncodings = 0;
			knownRegions = (
				en,
				Base,
			);
			mainGroup = 84C9CFCC21B6D9CB004B0F0D;
			productRefGroup = 84C9CFD621B6D9CB004B0F0D /* Products */;
			projectDirPath = "";
			projectRoot = "";
			targets = (
				84C9CFD421B6D9CB004B0F0D /* weathery */,
				84C9CFE821B6D9CD004B0F0D /* weatheryTests */,
			);
		};
/* End PBXProject section */

/* Begin PBXResourcesBuildPhase section */
		84C9CFD321B6D9CB004B0F0D /* Resources */ = {
			isa = PBXResourcesBuildPhase;
			buildActionMask = 2147483647;
			files = (
				84C9CFE321B6D9CD004B0F0D /* LaunchScreen.storyboard in Resources */,
				84C9CFE021B6D9CD004B0F0D /* Assets.xcassets in Resources */,
				84C9CFDE21B6D9CB004B0F0D /* Main.storyboard in Resources */,
			);
			runOnlyForDeploymentPostprocessing = 0;
		};
		84C9CFE721B6D9CD004B0F0D /* Resources */ = {
			isa = PBXResourcesBuildPhase;
			buildActionMask = 2147483647;
			files = (
			);
			runOnlyForDeploymentPostprocessing = 0;
		};
/* End PBXResourcesBuildPhase section */

/* Begin PBXShellScriptBuildPhase section */
		0116C96DA1E3B8CBF15E8536 /* [CP] Embed Pods Frameworks */ = {
			isa = PBXShellScriptBuildPhase;
			buildActionMask = 2147483647;
			files = (
			);
			inputFileListPaths = (
			);
			inputPaths = (
				"${SRCROOT}/Pods/Target Support Files/Pods-weathery/Pods-weathery-frameworks.sh",
				"${BUILT_PRODUCTS_DIR}/PromiseKit/PromiseKit.framework",
				"${BUILT_PRODUCTS_DIR}/ReachabilitySwift/Reachability.framework",
			);
			name = "[CP] Embed Pods Frameworks";
			outputFileListPaths = (
			);
			outputPaths = (
				"${TARGET_BUILD_DIR}/${FRAMEWORKS_FOLDER_PATH}/PromiseKit.framework",
				"${TARGET_BUILD_DIR}/${FRAMEWORKS_FOLDER_PATH}/Reachability.framework",
			);
			runOnlyForDeploymentPostprocessing = 0;
			shellPath = /bin/sh;
			shellScript = "\"${SRCROOT}/Pods/Target Support Files/Pods-weathery/Pods-weathery-frameworks.sh\"\n";
			showEnvVarsInLog = 0;
		};
		84FCD6F235203ED9655C31C8 /* [CP] Check Pods Manifest.lock */ = {
			isa = PBXShellScriptBuildPhase;
			buildActionMask = 2147483647;
			files = (
			);
			inputFileListPaths = (
			);
			inputPaths = (
				"${PODS_PODFILE_DIR_PATH}/Podfile.lock",
				"${PODS_ROOT}/Manifest.lock",
			);
			name = "[CP] Check Pods Manifest.lock";
			outputFileListPaths = (
			);
			outputPaths = (
				"$(DERIVED_FILE_DIR)/Pods-weatheryTests-checkManifestLockResult.txt",
			);
			runOnlyForDeploymentPostprocessing = 0;
			shellPath = /bin/sh;
			shellScript = "diff \"${PODS_PODFILE_DIR_PATH}/Podfile.lock\" \"${PODS_ROOT}/Manifest.lock\" > /dev/null\nif [ $? != 0 ] ; then\n    # print error to STDERR\n    echo \"error: The sandbox is not in sync with the Podfile.lock. Run 'pod install' or update your CocoaPods installation.\" >&2\n    exit 1\nfi\n# This output is used by Xcode 'outputs' to avoid re-running this script phase.\necho \"SUCCESS\" > \"${SCRIPT_OUTPUT_FILE_0}\"\n";
			showEnvVarsInLog = 0;
		};
		E10C0154925BBEB682A40BA6 /* [CP] Check Pods Manifest.lock */ = {
			isa = PBXShellScriptBuildPhase;
			buildActionMask = 2147483647;
			files = (
			);
			inputFileListPaths = (
			);
			inputPaths = (
				"${PODS_PODFILE_DIR_PATH}/Podfile.lock",
				"${PODS_ROOT}/Manifest.lock",
			);
			name = "[CP] Check Pods Manifest.lock";
			outputFileListPaths = (
			);
			outputPaths = (
				"$(DERIVED_FILE_DIR)/Pods-weathery-checkManifestLockResult.txt",
			);
			runOnlyForDeploymentPostprocessing = 0;
			shellPath = /bin/sh;
			shellScript = "diff \"${PODS_PODFILE_DIR_PATH}/Podfile.lock\" \"${PODS_ROOT}/Manifest.lock\" > /dev/null\nif [ $? != 0 ] ; then\n    # print error to STDERR\n    echo \"error: The sandbox is not in sync with the Podfile.lock. Run 'pod install' or update your CocoaPods installation.\" >&2\n    exit 1\nfi\n# This output is used by Xcode 'outputs' to avoid re-running this script phase.\necho \"SUCCESS\" > \"${SCRIPT_OUTPUT_FILE_0}\"\n";
			showEnvVarsInLog = 0;
		};
/* End PBXShellScriptBuildPhase section */

/* Begin PBXSourcesBuildPhase section */
		84C9CFD121B6D9CB004B0F0D /* Sources */ = {
			isa = PBXSourcesBuildPhase;
			buildActionMask = 2147483647;
			files = (
				84C9CFDB21B6D9CB004B0F0D /* ViewController.swift in Sources */,
				84C9CFFA21B85628004B0F0D /* Window+Router.swift in Sources */,
				84729DDD21B933040090ADF9 /* WeatherPromiseManager.swift in Sources */,
				84729DD121B88B030090ADF9 /* NetworkManager.swift in Sources */,
				84C9CFFC21B85C3D004B0F0D /* main.swift in Sources */,
				84729DDB21B8D15C0090ADF9 /* WeatherModel.swift in Sources */,
				84C9CFD921B6D9CB004B0F0D /* AppDelegate.swift in Sources */,
				84729DD821B8CB1B0090ADF9 /* Bundle+Keys.swift in Sources */,
				84729DD621B8C96C0090ADF9 /* NetworkRequestParametersFactory.swift in Sources */,
				84729DD321B88BE20090ADF9 /* PromiseManager.swift in Sources */,
			);
			runOnlyForDeploymentPostprocessing = 0;
		};
		84C9CFE521B6D9CD004B0F0D /* Sources */ = {
			isa = PBXSourcesBuildPhase;
			buildActionMask = 2147483647;
			files = (
				84C9CFEE21B6D9CD004B0F0D /* weatheryTests.swift in Sources */,
			);
			runOnlyForDeploymentPostprocessing = 0;
		};
/* End PBXSourcesBuildPhase section */

/* Begin PBXTargetDependency section */
		84C9CFEB21B6D9CD004B0F0D /* PBXTargetDependency */ = {
			isa = PBXTargetDependency;
			target = 84C9CFD421B6D9CB004B0F0D /* weathery */;
			targetProxy = 84C9CFEA21B6D9CD004B0F0D /* PBXContainerItemProxy */;
		};
/* End PBXTargetDependency section */

/* Begin PBXVariantGroup section */
		84C9CFDC21B6D9CB004B0F0D /* Main.storyboard */ = {
			isa = PBXVariantGroup;
			children = (
				84C9CFDD21B6D9CB004B0F0D /* Base */,
			);
			name = Main.storyboard;
			sourceTree = "<group>";
		};
		84C9CFE121B6D9CD004B0F0D /* LaunchScreen.storyboard */ = {
			isa = PBXVariantGroup;
			children = (
				84C9CFE221B6D9CD004B0F0D /* Base */,
			);
			name = LaunchScreen.storyboard;
			sourceTree = "<group>";
		};
/* End PBXVariantGroup section */

/* Begin XCBuildConfiguration section */
		84C9CFF021B6D9CD004B0F0D /* Debug */ = {
			isa = XCBuildConfiguration;
			buildSettings = {
				ALWAYS_SEARCH_USER_PATHS = NO;
				CLANG_ANALYZER_NONNULL = YES;
				CLANG_ANALYZER_NUMBER_OBJECT_CONVERSION = YES_AGGRESSIVE;
				CLANG_CXX_LANGUAGE_STANDARD = "gnu++14";
				CLANG_CXX_LIBRARY = "libc++";
				CLANG_ENABLE_MODULES = YES;
				CLANG_ENABLE_OBJC_ARC = YES;
				CLANG_ENABLE_OBJC_WEAK = YES;
				CLANG_WARN_BLOCK_CAPTURE_AUTORELEASING = YES;
				CLANG_WARN_BOOL_CONVERSION = YES;
				CLANG_WARN_COMMA = YES;
				CLANG_WARN_CONSTANT_CONVERSION = YES;
				CLANG_WARN_DEPRECATED_OBJC_IMPLEMENTATIONS = YES;
				CLANG_WARN_DIRECT_OBJC_ISA_USAGE = YES_ERROR;
				CLANG_WARN_DOCUMENTATION_COMMENTS = YES;
				CLANG_WARN_EMPTY_BODY = YES;
				CLANG_WARN_ENUM_CONVERSION = YES;
				CLANG_WARN_INFINITE_RECURSION = YES;
				CLANG_WARN_INT_CONVERSION = YES;
				CLANG_WARN_NON_LITERAL_NULL_CONVERSION = YES;
				CLANG_WARN_OBJC_IMPLICIT_RETAIN_SELF = YES;
				CLANG_WARN_OBJC_LITERAL_CONVERSION = YES;
				CLANG_WARN_OBJC_ROOT_CLASS = YES_ERROR;
				CLANG_WARN_RANGE_LOOP_ANALYSIS = YES;
				CLANG_WARN_STRICT_PROTOTYPES = YES;
				CLANG_WARN_SUSPICIOUS_MOVE = YES;
				CLANG_WARN_UNGUARDED_AVAILABILITY = YES_AGGRESSIVE;
				CLANG_WARN_UNREACHABLE_CODE = YES;
				CLANG_WARN__DUPLICATE_METHOD_MATCH = YES;
				CODE_SIGN_IDENTITY = "iPhone Developer";
				COPY_PHASE_STRIP = NO;
				DEBUG_INFORMATION_FORMAT = dwarf;
				ENABLE_STRICT_OBJC_MSGSEND = YES;
				ENABLE_TESTABILITY = YES;
				GCC_C_LANGUAGE_STANDARD = gnu11;
				GCC_DYNAMIC_NO_PIC = NO;
				GCC_NO_COMMON_BLOCKS = YES;
				GCC_OPTIMIZATION_LEVEL = 0;
				GCC_PREPROCESSOR_DEFINITIONS = (
					"DEBUG=1",
					"$(inherited)",
				);
				GCC_WARN_64_TO_32_BIT_CONVERSION = YES;
				GCC_WARN_ABOUT_RETURN_TYPE = YES_ERROR;
				GCC_WARN_UNDECLARED_SELECTOR = YES;
				GCC_WARN_UNINITIALIZED_AUTOS = YES_AGGRESSIVE;
				GCC_WARN_UNUSED_FUNCTION = YES;
				GCC_WARN_UNUSED_VARIABLE = YES;
				IPHONEOS_DEPLOYMENT_TARGET = 12.1;
				MTL_ENABLE_DEBUG_INFO = INCLUDE_SOURCE;
				MTL_FAST_MATH = YES;
				ONLY_ACTIVE_ARCH = YES;
				SDKROOT = iphoneos;
				SWIFT_ACTIVE_COMPILATION_CONDITIONS = DEBUG;
				SWIFT_OPTIMIZATION_LEVEL = "-Onone";
			};
			name = Debug;
		};
		84C9CFF121B6D9CD004B0F0D /* Release */ = {
			isa = XCBuildConfiguration;
			buildSettings = {
				ALWAYS_SEARCH_USER_PATHS = NO;
				CLANG_ANALYZER_NONNULL = YES;
				CLANG_ANALYZER_NUMBER_OBJECT_CONVERSION = YES_AGGRESSIVE;
				CLANG_CXX_LANGUAGE_STANDARD = "gnu++14";
				CLANG_CXX_LIBRARY = "libc++";
				CLANG_ENABLE_MODULES = YES;
				CLANG_ENABLE_OBJC_ARC = YES;
				CLANG_ENABLE_OBJC_WEAK = YES;
				CLANG_WARN_BLOCK_CAPTURE_AUTORELEASING = YES;
				CLANG_WARN_BOOL_CONVERSION = YES;
				CLANG_WARN_COMMA = YES;
				CLANG_WARN_CONSTANT_CONVERSION = YES;
				CLANG_WARN_DEPRECATED_OBJC_IMPLEMENTATIONS = YES;
				CLANG_WARN_DIRECT_OBJC_ISA_USAGE = YES_ERROR;
				CLANG_WARN_DOCUMENTATION_COMMENTS = YES;
				CLANG_WARN_EMPTY_BODY = YES;
				CLANG_WARN_ENUM_CONVERSION = YES;
				CLANG_WARN_INFINITE_RECURSION = YES;
				CLANG_WARN_INT_CONVERSION = YES;
				CLANG_WARN_NON_LITERAL_NULL_CONVERSION = YES;
				CLANG_WARN_OBJC_IMPLICIT_RETAIN_SELF = YES;
				CLANG_WARN_OBJC_LITERAL_CONVERSION = YES;
				CLANG_WARN_OBJC_ROOT_CLASS = YES_ERROR;
				CLANG_WARN_RANGE_LOOP_ANALYSIS = YES;
				CLANG_WARN_STRICT_PROTOTYPES = YES;
				CLANG_WARN_SUSPICIOUS_MOVE = YES;
				CLANG_WARN_UNGUARDED_AVAILABILITY = YES_AGGRESSIVE;
				CLANG_WARN_UNREACHABLE_CODE = YES;
				CLANG_WARN__DUPLICATE_METHOD_MATCH = YES;
				CODE_SIGN_IDENTITY = "iPhone Developer";
				COPY_PHASE_STRIP = NO;
				DEBUG_INFORMATION_FORMAT = "dwarf-with-dsym";
				ENABLE_NS_ASSERTIONS = NO;
				ENABLE_STRICT_OBJC_MSGSEND = YES;
				GCC_C_LANGUAGE_STANDARD = gnu11;
				GCC_NO_COMMON_BLOCKS = YES;
				GCC_WARN_64_TO_32_BIT_CONVERSION = YES;
				GCC_WARN_ABOUT_RETURN_TYPE = YES_ERROR;
				GCC_WARN_UNDECLARED_SELECTOR = YES;
				GCC_WARN_UNINITIALIZED_AUTOS = YES_AGGRESSIVE;
				GCC_WARN_UNUSED_FUNCTION = YES;
				GCC_WARN_UNUSED_VARIABLE = YES;
				IPHONEOS_DEPLOYMENT_TARGET = 12.1;
				MTL_ENABLE_DEBUG_INFO = NO;
				MTL_FAST_MATH = YES;
				SDKROOT = iphoneos;
				SWIFT_COMPILATION_MODE = wholemodule;
				SWIFT_OPTIMIZATION_LEVEL = "-O";
				VALIDATE_PRODUCT = YES;
			};
			name = Release;
		};
		84C9CFF321B6D9CD004B0F0D /* Debug */ = {
			isa = XCBuildConfiguration;
			baseConfigurationReference = 8FDB9E7FD3C4F79B6356F891 /* Pods-weathery.debug.xcconfig */;
			buildSettings = {
				ASSETCATALOG_COMPILER_APPICON_NAME = AppIcon;
				CODE_SIGN_STYLE = Automatic;
				DEVELOPMENT_TEAM = UB28NUAJU6;
				INFOPLIST_FILE = weathery/Info.plist;
				IPHONEOS_DEPLOYMENT_TARGET = 10.0;
				LD_RUNPATH_SEARCH_PATHS = (
					"$(inherited)",
					"@executable_path/Frameworks",
				);
				PRODUCT_BUNDLE_IDENTIFIER = bz.weathery;
				PRODUCT_NAME = "$(TARGET_NAME)";
				SWIFT_VERSION = 4.2;
				TARGETED_DEVICE_FAMILY = "1,2";
			};
			name = Debug;
		};
		84C9CFF421B6D9CD004B0F0D /* Release */ = {
			isa = XCBuildConfiguration;
			baseConfigurationReference = A624D949CC05CB1AE537B88F /* Pods-weathery.release.xcconfig */;
			buildSettings = {
				ASSETCATALOG_COMPILER_APPICON_NAME = AppIcon;
				CODE_SIGN_STYLE = Automatic;
				DEVELOPMENT_TEAM = UB28NUAJU6;
				INFOPLIST_FILE = weathery/Info.plist;
				IPHONEOS_DEPLOYMENT_TARGET = 10.0;
				LD_RUNPATH_SEARCH_PATHS = (
					"$(inherited)",
					"@executable_path/Frameworks",
				);
				PRODUCT_BUNDLE_IDENTIFIER = bz.weathery;
				PRODUCT_NAME = "$(TARGET_NAME)";
				SWIFT_VERSION = 4.2;
				TARGETED_DEVICE_FAMILY = "1,2";
			};
			name = Release;
		};
		84C9CFF621B6D9CD004B0F0D /* Debug */ = {
			isa = XCBuildConfiguration;
			baseConfigurationReference = 25F29EC784E256D352EF04F8 /* Pods-weatheryTests.debug.xcconfig */;
			buildSettings = {
				ALWAYS_EMBED_SWIFT_STANDARD_LIBRARIES = YES;
				BUNDLE_LOADER = "$(TEST_HOST)";
				CODE_SIGN_STYLE = Automatic;
				DEVELOPMENT_TEAM = UB28NUAJU6;
				INFOPLIST_FILE = weatheryTests/Info.plist;
				LD_RUNPATH_SEARCH_PATHS = (
					"$(inherited)",
					"@executable_path/Frameworks",
					"@loader_path/Frameworks",
				);
				PRODUCT_BUNDLE_IDENTIFIER = bz.weatheryTests;
				PRODUCT_NAME = "$(TARGET_NAME)";
				SWIFT_VERSION = 4.2;
				TARGETED_DEVICE_FAMILY = "1,2";
				TEST_HOST = "$(BUILT_PRODUCTS_DIR)/weathery.app/weathery";
			};
			name = Debug;
		};
		84C9CFF721B6D9CD004B0F0D /* Release */ = {
			isa = XCBuildConfiguration;
			baseConfigurationReference = F7C4862EB1FB24039D0C3FEC /* Pods-weatheryTests.release.xcconfig */;
			buildSettings = {
				ALWAYS_EMBED_SWIFT_STANDARD_LIBRARIES = YES;
				BUNDLE_LOADER = "$(TEST_HOST)";
				CODE_SIGN_STYLE = Automatic;
				DEVELOPMENT_TEAM = UB28NUAJU6;
				INFOPLIST_FILE = weatheryTests/Info.plist;
				LD_RUNPATH_SEARCH_PATHS = (
					"$(inherited)",
					"@executable_path/Frameworks",
					"@loader_path/Frameworks",
				);
				PRODUCT_BUNDLE_IDENTIFIER = bz.weatheryTests;
				PRODUCT_NAME = "$(TARGET_NAME)";
				SWIFT_VERSION = 4.2;
				TARGETED_DEVICE_FAMILY = "1,2";
				TEST_HOST = "$(BUILT_PRODUCTS_DIR)/weathery.app/weathery";
			};
			name = Release;
		};
/* End XCBuildConfiguration section */

/* Begin XCConfigurationList section */
		84C9CFD021B6D9CB004B0F0D /* Build configuration list for PBXProject "weathery" */ = {
			isa = XCConfigurationList;
			buildConfigurations = (
				84C9CFF021B6D9CD004B0F0D /* Debug */,
				84C9CFF121B6D9CD004B0F0D /* Release */,
			);
			defaultConfigurationIsVisible = 0;
			defaultConfigurationName = Release;
		};
		84C9CFF221B6D9CD004B0F0D /* Build configuration list for PBXNativeTarget "weathery" */ = {
			isa = XCConfigurationList;
			buildConfigurations = (
				84C9CFF321B6D9CD004B0F0D /* Debug */,
				84C9CFF421B6D9CD004B0F0D /* Release */,
			);
			defaultConfigurationIsVisible = 0;
			defaultConfigurationName = Release;
		};
		84C9CFF521B6D9CD004B0F0D /* Build configuration list for PBXNativeTarget "weatheryTests" */ = {
			isa = XCConfigurationList;
			buildConfigurations = (
				84C9CFF621B6D9CD004B0F0D /* Debug */,
				84C9CFF721B6D9CD004B0F0D /* Release */,
			);
			defaultConfigurationIsVisible = 0;
			defaultConfigurationName = Release;
		};
/* End XCConfigurationList section */
	};
	rootObject = 84C9CFCD21B6D9CB004B0F0D /* Project object */;
}
